{
  "name": "fluent-loader",
  "version": "0.0.1",
  "lockfileVersion": 1,
  "requires": true,
  "dependencies": {
    "big.js": {
      "version": "5.2.2",
      "resolved": "https://registry.npmjs.org/big.js/-/big.js-5.2.2.tgz",
      "integrity": "sha512-vyL2OymJxmarO8gxMr0mhChsO9QGwhynfuu4+MHTAW6czfq9humCB7rKpUjDd9YUiDPU4mzpyupFSvOClAwbmQ=="
    },
    "emojis-list": {
      "version": "2.1.0",
      "resolved": "https://registry.npmjs.org/emojis-list/-/emojis-list-2.1.0.tgz",
      "integrity": "sha1-TapNnbAPmBmIDHn6RXrlsJof04k="
    },
    "fluent-compiler": {
      "version": "0.1.0",
      "resolved": "https://registry.npmjs.org/fluent-compiler/-/fluent-compiler-0.1.0.tgz",
      "integrity": "sha512-tn+UUZ3YM0JT+wXMjAqb0KIgbTcDg2L8PxLT7RVl5rKkixLteX2qtO+hcY/Va1Xx/qq2e03WR81lIo4b46Dwow==",
      "requires": {
        "fluent-syntax": "^0.13.0",
        "safe-identifier": "^0.1.0"
      }
    },
    "fluent-syntax": {
      "version": "0.13.0",
      "resolved": "https://registry.npmjs.org/fluent-syntax/-/fluent-syntax-0.13.0.tgz",
      "integrity": "sha512-0Bk1AsliuYB550zr4JV9AYhsETsD3ELXUQzdXGJfIc1Ni/ukAfBdQInDhVMYJUaT2QxoamNslwkYF7MlOrPUwg=="
    },
    "json5": {
      "version": "1.0.1",
      "resolved": "https://registry.npmjs.org/json5/-/json5-1.0.1.tgz",
      "integrity": "sha512-aKS4WQjPenRxiQsC93MNfjx+nbF4PAdYzmd/1JIj8HYzqfbu86beTuNgXDzPknWk0n0uARlyewZo4s++ES36Ow==",
      "requires": {
        "minimist": "^1.2.0"
      }
    },
    "loader-utils": {
      "version": "1.2.3",
      "resolved": "https://registry.npmjs.org/loader-utils/-/loader-utils-1.2.3.tgz",
      "integrity": "sha512-fkpz8ejdnEMG3s37wGL07iSBDg99O9D5yflE9RGNH3hRdx9SOwYfnGYdZOUIZitN8E+E2vkq3MUMYMvPYl5ZZA==",
      "requires": {
        "big.js": "^5.2.2",
        "emojis-list": "^2.0.0",
        "json5": "^1.0.1"
      }
    },
    "minimist": {
      "version": "1.2.0",
      "resolved": "https://registry.npmjs.org/minimist/-/minimist-1.2.0.tgz",
      "integrity": "sha1-o1AIsg9BOD7sH7kU9M1d95omQoQ="
    },
    "prettier": {
      "version": "1.17.1",
      "resolved": "https://registry.npmjs.org/prettier/-/prettier-1.17.1.tgz",
      "integrity": "sha512-TzGRNvuUSmPgwivDqkZ9tM/qTGW9hqDKWOE9YHiyQdixlKbv7kvEqsmDPrcHJTKwthU774TQwZXVtaQ/mMsvjg==",
      "dev": true
    },
    "safe-identifier": {
      "version": "0.1.0",
      "resolved": "https://registry.npmjs.org/safe-identifier/-/safe-identifier-0.1.0.tgz",
      "integrity": "sha512-DKGv8K2hu69xsbyV6loi5lFtH94egCHrf/kxhL0WKRHDL0cig1d2nmez2Qx2EAQKHIRQjmRuGsvf3rCNFErkDg=="
    }
  }
}
