{
  "name": "fluent-compiler",
  "version": "0.0.1",
  "lockfileVersion": 1,
  "requires": true,
  "dependencies": {
    "fluent-syntax": {
      "version": "0.13.0",
      "resolved": "https://registry.npmjs.org/fluent-syntax/-/fluent-syntax-0.13.0.tgz",
      "integrity": "sha512-0Bk1AsliuYB550zr4JV9AYhsETsD3ELXUQzdXGJfIc1Ni/ukAfBdQInDhVMYJUaT2QxoamNslwkYF7MlOrPUwg=="
    }
  }
}
